
Microsoft Visual Studio Solution File, Format Version 12.00
# Visual Studio Version 16
VisualStudioVersion = 16.0.30907.101
MinimumVisualStudioVersion = 10.0.40219.1
Project("{FAE04EC0-301F-11D3-BF4B-00C04F79EFBC}") = "CodingTest", "CodingTest\CodingTest.csproj", "{729F7E26-57B9-428D-91E1-311A173E8B9F}"
EndProject
Global
	GlobalSection(SolutionConfigurationPlatforms) = preSolution
		Debug|Any CPU = Debug|Any CPU
		Release|Any CPU = Release|Any CPU
	EndGlobalSection
	GlobalSection(ProjectConfigurationPlatforms) = postSolution
		{729F7E26-57B9-428D-91E1-311A173E8B9F}.Debug|Any CPU.ActiveCfg = Debug|Any CPU
		{729F7E26-57B9-428D-91E1-311A173E8B9F}.Debug|Any CPU.Build.0 = Debug|Any CPU
		{729F7E26-57B9-428D-91E1-311A173E8B9F}.Release|Any CPU.ActiveCfg = Release|Any CPU
		{729F7E26-57B9-428D-91E1-311A173E8B9F}.Release|Any CPU.Build.0 = Release|Any CPU
	EndGlobalSection
	GlobalSection(SolutionProperties) = preSolution
		HideSolutionNode = FALSE
	EndGlobalSection
	GlobalSection(ExtensibilityGlobals) = postSolution
		SolutionGuid = {48CD493D-F8CD-476C-8E7C-B5E4CF575F07}
	EndGlobalSection
EndGlobal
